// !$*UTF8*$!
{
	archiveVersion = 1;
	classes = {
	};
	objectVersion = 46;
	objects = {

/* Begin PBXBuildFile section */
		4DE531FA16D758A500317365 /* UIKit.framework in Frameworks */ = {isa = PBXBuildFile; fileRef = 4DE531F916D758A500317365 /* UIKit.framework */; };
		4DE531FC16D758A500317365 /* Foundation.framework in Frameworks */ = {isa = PBXBuildFile; fileRef = 4DE531FB16D758A500317365 /* Foundation.framework */; };
		4DE531FE16D758A500317365 /* CoreGraphics.framework in Frameworks */ = {isa = PBXBuildFile; fileRef = 4DE531FD16D758A500317365 /* CoreGraphics.framework */; };
		4DE5320416D758A500317365 /* InfoPlist.strings in Resources */ = {isa = PBXBuildFile; fileRef = 4DE5320216D758A500317365 /* InfoPlist.strings */; };
		4DE5320616D758A500317365 /* main.m in Sources */ = {isa = PBXBuildFile; fileRef = 4DE5320516D758A500317365 /* main.m */; };
		4DE5320A16D758A500317365 /* AppDelegate.m in Sources */ = {isa = PBXBuildFile; fileRef = 4DE5320916D758A500317365 /* AppDelegate.m */; };
		4DE5320C16D758A500317365 /* Default.png in Resources */ = {isa = PBXBuildFile; fileRef = 4DE5320B16D758A500317365 /* Default.png */; };
		4DE5320E16D758A500317365 /* Default@2x.png in Resources */ = {isa = PBXBuildFile; fileRef = 4DE5320D16D758A500317365 /* Default@2x.png */; };
		4DE5321016D758A500317365 /* Default-568h@2x.png in Resources */ = {isa = PBXBuildFile; fileRef = 4DE5320F16D758A500317365 /* Default-568h@2x.png */; };
		4DE5321316D758A500317365 /* MainStoryboard_iPhone.storyboard in Resources */ = {isa = PBXBuildFile; fileRef = 4DE5321116D758A500317365 /* MainStoryboard_iPhone.storyboard */; };
		4DE5321616D758A500317365 /* MainStoryboard_iPad.storyboard in Resources */ = {isa = PBXBuildFile; fileRef = 4DE5321416D758A500317365 /* MainStoryboard_iPad.storyboard */; };
		4DE5321916D758A500317365 /* ViewController.m in Sources */ = {isa = PBXBuildFile; fileRef = 4DE5321816D758A500317365 /* ViewController.m */; };
		4DE5322116D758F400317365 /* Foo.m in Sources */ = {isa = PBXBuildFile; fileRef = 4DE5322016D758F400317365 /* Foo.m */; };
/* End PBXBuildFile section */

/* Begin PBXFileReference section */
		4DE531F616D758A500317365 /* ItriDemo2.app */ = {isa = PBXFileReference; explicitFileType = wrapper.application; includeInIndex = 0; path = ItriDemo2.app; sourceTree = BUILT_PRODUCTS_DIR; };
		4DE531F916D758A500317365 /* UIKit.framework */ = {isa = PBXFileReference; lastKnownFileType = wrapper.framework; name = UIKit.framework; path = System/Library/Frameworks/UIKit.framework; sourceTree = SDKROOT; };
		4DE531FB16D758A500317365 /* Foundation.framework */ = {isa = PBXFileReference; lastKnownFileType = wrapper.framework; name = Foundation.framework; path = System/Library/Frameworks/Foundation.framework; sourceTree = SDKROOT; };
		4DE531FD16D758A500317365 /* CoreGraphics.framework */ = {isa = PBXFileReference; lastKnownFileType = wrapper.framework; name = CoreGraphics.framework; path = System/Library/Frameworks/CoreGraphics.framework; sourceTree = SDKROOT; };
		4DE5320116D758A500317365 /* ItriDemo2-Info.plist */ = {isa = PBXFileReference; lastKnownFileType = text.plist.xml; path = "ItriDemo2-Info.plist"; sourceTree = "<group>"; };
		4DE5320316D758A500317365 /* en */ = {isa = PBXFileReference; lastKnownFileType = text.plist.strings; name = en; path = en.lproj/InfoPlist.strings; sourceTree = "<group>"; };
		4DE5320516D758A500317365 /* main.m */ = {isa = PBXFileReference; lastKnownFileType = sourcecode.c.objc; path = main.m; sourceTree = "<group>"; };
		4DE5320716D758A500317365 /* ItriDemo2-Prefix.pch */ = {isa = PBXFileReference; lastKnownFileType = sourcecode.c.h; path = "ItriDemo2-Prefix.pch"; sourceTree = "<group>"; };
		4DE5320816D758A500317365 /* AppDelegate.h */ = {isa = PBXFileReference; lastKnownFileType = sourcecode.c.h; path = AppDelegate.h; sourceTree = "<group>"; };
		4DE5320916D758A500317365 /* AppDelegate.m */ = {isa = PBXFileReference; lastKnownFileType = sourcecode.c.objc; path = AppDelegate.m; sourceTree = "<group>"; };
		4DE5320B16D758A500317365 /* Default.png */ = {isa = PBXFileReference; lastKnownFileType = image.png; path = Default.png; sourceTree = "<group>"; };
		4DE5320D16D758A500317365 /* Default@2x.png */ = {isa = PBXFileReference; lastKnownFileType = image.png; path = "Default@2x.png"; sourceTree = "<group>"; };
		4DE5320F16D758A500317365 /* Default-568h@2x.png */ = {isa = PBXFileReference; lastKnownFileType = image.png; path = "Default-568h@2x.png"; sourceTree = "<group>"; };
		4DE5321216D758A500317365 /* en */ = {isa = PBXFileReference; lastKnownFileType = file.storyboard; name = en; path = en.lproj/MainStoryboard_iPhone.storyboard; sourceTree = "<group>"; };
		4DE5321516D758A500317365 /* en */ = {isa = PBXFileReference; lastKnownFileType = file.storyboard; name = en; path = en.lproj/MainStoryboard_iPad.storyboard; sourceTree = "<group>"; };
		4DE5321716D758A500317365 /* ViewController.h */ = {isa = PBXFileReference; lastKnownFileType = sourcecode.c.h; path = ViewController.h; sourceTree = "<group>"; };
		4DE5321816D758A500317365 /* ViewController.m */ = {isa = PBXFileReference; lastKnownFileType = sourcecode.c.objc; path = ViewController.m; sourceTree = "<group>"; };
		4DE5321F16D758F400317365 /* Foo.h */ = {isa = PBXFileReference; fileEncoding = 4; lastKnownFileType = sourcecode.c.h; path = Foo.h; sourceTree = "<group>"; };
		4DE5322016D758F400317365 /* Foo.m */ = {isa = PBXFileReference; fileEncoding = 4; lastKnownFileType = sourcecode.c.objc; path = Foo.m; sourceTree = "<group>"; };
/* End PBXFileReference section */

/* Begin PBXFrameworksBuildPhase section */
		4DE531F316D758A500317365 /* Frameworks */ = {
			isa = PBXFrameworksBuildPhase;
			buildActionMask = 2147483647;
			files = (
				4DE531FA16D758A500317365 /* UIKit.framework in Frameworks */,
				4DE531FC16D758A500317365 /* Foundation.framework in Frameworks */,
				4DE531FE16D758A500317365 /* CoreGraphics.framework in Frameworks */,
			);
			runOnlyForDeploymentPostprocessing = 0;
		};
/* End PBXFrameworksBuildPhase section */

/* Begin PBXGroup section */
		4DE531ED16D758A500317365 = {
			isa = PBXGroup;
			children = (
				4DE531FF16D758A500317365 /* ItriDemo2 */,
				4DE531F816D758A500317365 /* Frameworks */,
				4DE531F716D758A500317365 /* Products */,
			);
			sourceTree = "<group>";
		};
		4DE531F716D758A500317365 /* Products */ = {
			isa = PBXGroup;
			children = (
				4DE531F616D758A500317365 /* ItriDemo2.app */,
			);
			name = Products;
			sourceTree = "<group>";
		};
		4DE531F816D758A500317365 /* Frameworks */ = {
			isa = PBXGroup;
			children = (
				4DE531F916D758A500317365 /* UIKit.framework */,
				4DE531FB16D758A500317365 /* Foundation.framework */,
				4DE531FD16D758A500317365 /* CoreGraphics.framework */,
			);
			name = Frameworks;
			sourceTree = "<group>";
		};
		4DE531FF16D758A500317365 /* ItriDemo2 */ = {
			isa = PBXGroup;
			children = (
				4DE5320816D758A500317365 /* AppDelegate.h */,
				4DE5320916D758A500317365 /* AppDelegate.m */,
				4DE5321116D758A500317365 /* MainStoryboard_iPhone.storyboard */,
				4DE5321416D758A500317365 /* MainStoryboard_iPad.storyboard */,
				4DE5321716D758A500317365 /* ViewController.h */,
				4DE5321816D758A500317365 /* ViewController.m */,
				4DE5320016D758A500317365 /* Supporting Files */,
				4DE5321F16D758F400317365 /* Foo.h */,
				4DE5322016D758F400317365 /* Foo.m */,
			);
			path = ItriDemo2;
			sourceTree = "<group>";
		};
		4DE5320016D758A500317365 /* Supporting Files */ = {
			isa = PBXGroup;
			children = (
				4DE5320116D758A500317365 /* ItriDemo2-Info.plist */,
				4DE5320216D758A500317365 /* InfoPlist.strings */,
				4DE5320516D758A500317365 /* main.m */,
				4DE5320716D758A500317365 /* ItriDemo2-Prefix.pch */,
				4DE5320B16D758A500317365 /* Default.png */,
				4DE5320D16D758A500317365 /* Default@2x.png */,
				4DE5320F16D758A500317365 /* Default-568h@2x.png */,
			);
			name = "Supporting Files";
			sourceTree = "<group>";
		};
/* End PBXGroup section */

/* Begin PBXNativeTarget section */
		4DE531F516D758A500317365 /* ItriDemo2 */ = {
			isa = PBXNativeTarget;
			buildConfigurationList = 4DE5321C16D758A500317365 /* Build configuration list for PBXNativeTarget "ItriDemo2" */;
			buildPhases = (
				4DE531F216D758A500317365 /* Sources */,
				4DE531F316D758A500317365 /* Frameworks */,
				4DE531F416D758A500317365 /* Resources */,
			);
			buildRules = (
			);
			dependencies = (
			);
			name = ItriDemo2;
			productName = ItriDemo2;
			productReference = 4DE531F616D758A500317365 /* ItriDemo2.app */;
			productType = "com.apple.product-type.application";
		};
/* End PBXNativeTarget section */

/* Begin PBXProject section */
		4DE531EE16D758A500317365 /* Project object */ = {
			isa = PBXProject;
			attributes = {
				LastUpgradeCheck = 0460;
				ORGANIZATIONNAME = "Ho Mark";
			};
			buildConfigurationList = 4DE531F116D758A500317365 /* Build configuration list for PBXProject "ItriDemo2" */;
			compatibilityVersion = "Xcode 3.2";
			developmentRegion = English;
			hasScannedForEncodings = 0;
			knownRegions = (
				en,
			);
			mainGroup = 4DE531ED16D758A500317365;
			productRefGroup = 4DE531F716D758A500317365 /* Products */;
			projectDirPath = "";
			projectRoot = "";
			targets = (
				4DE531F516D758A500317365 /* ItriDemo2 */,
			);
		};
/* End PBXProject section */

/* Begin PBXResourcesBuildPhase section */
		4DE531F416D758A500317365 /* Resources */ = {
			isa = PBXResourcesBuildPhase;
			buildActionMask = 2147483647;
			files = (
				4DE5320416D758A500317365 /* InfoPlist.strings in Resources */,
				4DE5320C16D758A500317365 /* Default.png in Resources */,
				4DE5320E16D758A500317365 /* Default@2x.png in Resources */,
				4DE5321016D758A500317365 /* Default-568h@2x.png in Resources */,
				4DE5321316D758A500317365 /* MainStoryboard_iPhone.storyboard in Resources */,
				4DE5321616D758A500317365 /* MainStoryboard_iPad.storyboard in Resources */,
			);
			runOnlyForDeploymentPostprocessing = 0;
		};
/* End PBXResourcesBuildPhase section */

/* Begin PBXSourcesBuildPhase section */
		4DE531F216D758A500317365 /* Sources */ = {
			isa = PBXSourcesBuildPhase;
			buildActionMask = 2147483647;
			files = (
				4DE5320616D758A500317365 /* main.m in Sources */,
				4DE5320A16D758A500317365 /* AppDelegate.m in Sources */,
				4DE5321916D758A500317365 /* ViewController.m in Sources */,
				4DE5322116D758F400317365 /* Foo.m in Sources */,
			);
			runOnlyForDeploymentPostprocessing = 0;
		};
/* End PBXSourcesBuildPhase section */

/* Begin PBXVariantGroup section */
		4DE5320216D758A500317365 /* InfoPlist.strings */ = {
			isa = PBXVariantGroup;
			children = (
				4DE5320316D758A500317365 /* en */,
			);
			name = InfoPlist.strings;
			sourceTree = "<group>";
		};
		4DE5321116D758A500317365 /* MainStoryboard_iPhone.storyboard */ = {
			isa = PBXVariantGroup;
			children = (
				4DE5321216D758A500317365 /* en */,
			);
			name = MainStoryboard_iPhone.storyboard;
			sourceTree = "<group>";
		};
		4DE5321416D758A500317365 /* MainStoryboard_iPad.storyboard */ = {
			isa = PBXVariantGroup;
			children = (
				4DE5321516D758A500317365 /* en */,
			);
			name = MainStoryboard_iPad.storyboard;
			sourceTree = "<group>";
		};
/* End PBXVariantGroup section */

/* Begin XCBuildConfiguration section */
		4DE5321A16D758A500317365 /* Debug */ = {
			isa = XCBuildConfiguration;
			buildSettings = {
				ALWAYS_SEARCH_USER_PATHS = NO;
				CLANG_CXX_LANGUAGE_STANDARD = "gnu++0x";
				CLANG_CXX_LIBRARY = "libc++";
				CLANG_WARN_CONSTANT_CONVERSION = YES;
				CLANG_WARN_EMPTY_BODY = YES;
				CLANG_WARN_ENUM_CONVERSION = YES;
				CLANG_WARN_INT_CONVERSION = YES;
				CLANG_WARN__DUPLICATE_METHOD_MATCH = YES;
				"CODE_SIGN_IDENTITY[sdk=iphoneos*]" = "iPhone Developer";
				COPY_PHASE_STRIP = NO;
				GCC_C_LANGUAGE_STANDARD = gnu99;
				GCC_DYNAMIC_NO_PIC = NO;
				GCC_OPTIMIZATION_LEVEL = 0;
				GCC_PREPROCESSOR_DEFINITIONS = (
					"DEBUG=1",
					"$(inherited)",
				);
				GCC_SYMBOLS_PRIVATE_EXTERN = NO;
				GCC_WARN_ABOUT_RETURN_TYPE = YES;
				GCC_WARN_UNINITIALIZED_AUTOS = YES;
				GCC_WARN_UNUSED_VARIABLE = YES;
				IPHONEOS_DEPLOYMENT_TARGET = 6.1;
				ONLY_ACTIVE_ARCH = YES;
				SDKROOT = iphoneos;
				TARGETED_DEVICE_FAMILY = "1,2";
			};
			name = Debug;
		};
		4DE5321B16D758A500317365 /* Release */ = {
			isa = XCBuildConfiguration;
			buildSettings = {
				ALWAYS_SEARCH_USER_PATHS = NO;
				CLANG_CXX_LANGUAGE_STANDARD = "gnu++0x";
				CLANG_CXX_LIBRARY = "libc++";
				CLANG_WARN_CONSTANT_CONVERSION = YES;
				CLANG_WARN_EMPTY_BODY = YES;
				CLANG_WARN_ENUM_CONVERSION = YES;
				CLANG_WARN_INT_CONVERSION = YES;
				CLANG_WARN__DUPLICATE_METHOD_MATCH = YES;
				"CODE_SIGN_IDENTITY[sdk=iphoneos*]" = "iPhone Developer";
				COPY_PHASE_STRIP = YES;
				GCC_C_LANGUAGE_STANDARD = gnu99;
				GCC_WARN_ABOUT_RETURN_TYPE = YES;
				GCC_WARN_UNINITIALIZED_AUTOS = YES;
				GCC_WARN_UNUSED_VARIABLE = YES;
				IPHONEOS_DEPLOYMENT_TARGET = 6.1;
				OTHER_CFLAGS = "-DNS_BLOCK_ASSERTIONS=1";
				SDKROOT = iphoneos;
				TARGETED_DEVICE_FAMILY = "1,2";
				VALIDATE_PRODUCT = YES;
			};
			name = Release;
		};
		4DE5321D16D758A500317365 /* Debug */ = {
			isa = XCBuildConfiguration;
			buildSettings = {
				GCC_PRECOMPILE_PREFIX_HEADER = YES;
				GCC_PREFIX_HEADER = "ItriDemo2/ItriDemo2-Prefix.pch";
				INFOPLIST_FILE = "ItriDemo2/ItriDemo2-Info.plist";
				PRODUCT_NAME = "$(TARGET_NAME)";
				WRAPPER_EXTENSION = app;
			};
			name = Debug;
		};
		4DE5321E16D758A500317365 /* Release */ = {
			isa = XCBuildConfiguration;
			buildSettings = {
				GCC_PRECOMPILE_PREFIX_HEADER = YES;
				GCC_PREFIX_HEADER = "ItriDemo2/ItriDemo2-Prefix.pch";
				INFOPLIST_FILE = "ItriDemo2/ItriDemo2-Info.plist";
				PRODUCT_NAME = "$(TARGET_NAME)";
				WRAPPER_EXTENSION = app;
			};
			name = Release;
		};
/* End XCBuildConfiguration section */

/* Begin XCConfigurationList section */
		4DE531F116D758A500317365 /* Build configuration list for PBXProject "ItriDemo2" */ = {
			isa = XCConfigurationList;
			buildConfigurations = (
				4DE5321A16D758A500317365 /* Debug */,
				4DE5321B16D758A500317365 /* Release */,
			);
			defaultConfigurationIsVisible = 0;
			defaultConfigurationName = Release;
		};
		4DE5321C16D758A500317365 /* Build configuration list for PBXNativeTarget "ItriDemo2" */ = {
			isa = XCConfigurationList;
			buildConfigurations = (
				4DE5321D16D758A500317365 /* Debug */,
				4DE5321E16D758A500317365 /* Release */,
			);
			defaultConfigurationIsVisible = 0;
		};
/* End XCConfigurationList section */
	};
	rootObject = 4DE531EE16D758A500317365 /* Project object */;
}
